
Microsoft Visual Studio Solution File, Format Version 12.00
# Visual Studio Version 17
VisualStudioVersion = 17.3.32825.248
MinimumVisualStudioVersion = 10.0.40219.1
Project("{FAE04EC0-301F-11D3-BF4B-00C04F79EFBC}") = "PDF", "PDF\PDF.csproj", "{E979CA32-638B-4A96-B7FB-A72E94408986}"
EndProject
Global
	GlobalSection(SolutionConfigurationPlatforms) = preSolution
		Debug|Any CPU = Debug|Any CPU
		Release|Any CPU = Release|Any CPU
	EndGlobalSection
	GlobalSection(ProjectConfigurationPlatforms) = postSolution
		{E979CA32-638B-4A96-B7FB-A72E94408986}.Debug|Any CPU.ActiveCfg = Debug|Any CPU
		{E979CA32-638B-4A96-B7FB-A72E94408986}.Debug|Any CPU.Build.0 = Debug|Any CPU
		{E979CA32-638B-4A96-B7FB-A72E94408986}.Release|Any CPU.ActiveCfg = Release|Any CPU
		{E979CA32-638B-4A96-B7FB-A72E94408986}.Release|Any CPU.Build.0 = Release|Any CPU
	EndGlobalSection
	GlobalSection(SolutionProperties) = preSolution
		HideSolutionNode = FALSE
	EndGlobalSection
	GlobalSection(ExtensibilityGlobals) = postSolution
		SolutionGuid = {F7FDCC28-ADFF-4DCE-9B67-D8D13478238B}
	EndGlobalSection
EndGlobal
